
Microsoft Visual Studio Solution File, Format Version 12.00
Project("{FAE04EC0-301F-11D3-BF4B-00C04F79EFBC}") = "AppointmentREST.WebAPI", "AppointmentREST.WebAPI\AppointmentREST.WebAPI.csproj", "{9EFDD50E-3067-4D5F-9EF3-B48BDDA5ACB3}"
EndProject
Project("{FAE04EC0-301F-11D3-BF4B-00C04F79EFBC}") = "AppointmentREST.DataAccess", "AppointmentREST.DataAccess\AppointmentREST.DataAccess.csproj", "{CD844EF5-15F6-49A1-BEF3-D6E2589B0EE8}"
EndProject
Project("{FAE04EC0-301F-11D3-BF4B-00C04F79EFBC}") = "AppointmentREST.BusinessLogic", "AppointmentREST.BusinessLogic\AppointmentREST.BusinessLogic.csproj", "{F0816E1E-5AE5-445F-8A57-B4D95BC69BEC}"
EndProject
Project("{FAE04EC0-301F-11D3-BF4B-00C04F79EFBC}") = "AppointmentREST.Shared", "AppointmentREST.Shared\AppointmentREST.Shared.csproj", "{6224C069-8EEC-4E70-A844-CC46FC9D134F}"
EndProject
Project("{2150E333-8FDC-42A3-9474-1A3956D46DE8}") = "Solution Items", "Solution Items", "{01E4F258-9A40-48CA-9DD8-6F0C0CA13ECE}"
	ProjectSection(SolutionItems) = preProject
		compose.yaml = compose.yaml
	EndProjectSection
EndProject
Global
	GlobalSection(SolutionConfigurationPlatforms) = preSolution
		Debug|Any CPU = Debug|Any CPU
		Release|Any CPU = Release|Any CPU
	EndGlobalSection
	GlobalSection(ProjectConfigurationPlatforms) = postSolution
		{9EFDD50E-3067-4D5F-9EF3-B48BDDA5ACB3}.Debug|Any CPU.ActiveCfg = Debug|Any CPU
		{9EFDD50E-3067-4D5F-9EF3-B48BDDA5ACB3}.Debug|Any CPU.Build.0 = Debug|Any CPU
		{9EFDD50E-3067-4D5F-9EF3-B48BDDA5ACB3}.Release|Any CPU.ActiveCfg = Release|Any CPU
		{9EFDD50E-3067-4D5F-9EF3-B48BDDA5ACB3}.Release|Any CPU.Build.0 = Release|Any CPU
		{CD844EF5-15F6-49A1-BEF3-D6E2589B0EE8}.Debug|Any CPU.ActiveCfg = Debug|Any CPU
		{CD844EF5-15F6-49A1-BEF3-D6E2589B0EE8}.Debug|Any CPU.Build.0 = Debug|Any CPU
		{CD844EF5-15F6-49A1-BEF3-D6E2589B0EE8}.Release|Any CPU.ActiveCfg = Release|Any CPU
		{CD844EF5-15F6-49A1-BEF3-D6E2589B0EE8}.Release|Any CPU.Build.0 = Release|Any CPU
		{F0816E1E-5AE5-445F-8A57-B4D95BC69BEC}.Debug|Any CPU.ActiveCfg = Debug|Any CPU
		{F0816E1E-5AE5-445F-8A57-B4D95BC69BEC}.Debug|Any CPU.Build.0 = Debug|Any CPU
		{F0816E1E-5AE5-445F-8A57-B4D95BC69BEC}.Release|Any CPU.ActiveCfg = Release|Any CPU
		{F0816E1E-5AE5-445F-8A57-B4D95BC69BEC}.Release|Any CPU.Build.0 = Release|Any CPU
		{6224C069-8EEC-4E70-A844-CC46FC9D134F}.Debug|Any CPU.ActiveCfg = Debug|Any CPU
		{6224C069-8EEC-4E70-A844-CC46FC9D134F}.Debug|Any CPU.Build.0 = Debug|Any CPU
		{6224C069-8EEC-4E70-A844-CC46FC9D134F}.Release|Any CPU.ActiveCfg = Release|Any CPU
		{6224C069-8EEC-4E70-A844-CC46FC9D134F}.Release|Any CPU.Build.0 = Release|Any CPU
	EndGlobalSection
EndGlobal
